// !$*UTF8*$!
{
	archiveVersion = 1;
	classes = {
	};
	objectVersion = 56;
	objects = {

/* Begin PBXBuildFile section */
		AAFF565728F0118F00B59E8D /* mgpFanApp.swift in Sources */ = {isa = PBXBuildFile; fileRef = AAFF565628F0118F00B59E8D /* mgpFanApp.swift */; };
		AAFF565928F0118F00B59E8D /* ContentView.swift in Sources */ = {isa = PBXBuildFile; fileRef = AAFF565828F0118F00B59E8D /* ContentView.swift */; };
		AAFF565B28F0119100B59E8D /* Assets.xcassets in Resources */ = {isa = PBXBuildFile; fileRef = AAFF565A28F0119100B59E8D /* Assets.xcassets */; };
		AAFF565E28F0119100B59E8D /* Preview Assets.xcassets in Resources */ = {isa = PBXBuildFile; fileRef = AAFF565D28F0119100B59E8D /* Preview Assets.xcassets */; };
		AAFF566828F0119200B59E8D /* mgpFanTests.swift in Sources */ = {isa = PBXBuildFile; fileRef = AAFF566728F0119200B59E8D /* mgpFanTests.swift */; };
		AAFF567228F0119200B59E8D /* mgpFanUITests.swift in Sources */ = {isa = PBXBuildFile; fileRef = AAFF567128F0119200B59E8D /* mgpFanUITests.swift */; };
		AAFF567428F0119200B59E8D /* mgpFanUITestsLaunchTests.swift in Sources */ = {isa = PBXBuildFile; fileRef = AAFF567328F0119200B59E8D /* mgpFanUITestsLaunchTests.swift */; };
/* End PBXBuildFile section */

/* Begin PBXContainerItemProxy section */
		AAFF566428F0119200B59E8D /* PBXContainerItemProxy */ = {
			isa = PBXContainerItemProxy;
			containerPortal = AAFF564B28F0118F00B59E8D /* Project object */;
			proxyType = 1;
			remoteGlobalIDString = AAFF565228F0118F00B59E8D;
			remoteInfo = mgpFan;
		};
		AAFF566E28F0119200B59E8D /* PBXContainerItemProxy */ = {
			isa = PBXContainerItemProxy;
			containerPortal = AAFF564B28F0118F00B59E8D /* Project object */;
			proxyType = 1;
			remoteGlobalIDString = AAFF565228F0118F00B59E8D;
			remoteInfo = mgpFan;
		};
/* End PBXContainerItemProxy section */

/* Begin PBXFileReference section */
		AAFF565328F0118F00B59E8D /* mgpFan.app */ = {isa = PBXFileReference; explicitFileType = wrapper.application; includeInIndex = 0; path = mgpFan.app; sourceTree = BUILT_PRODUCTS_DIR; };
		AAFF565628F0118F00B59E8D /* mgpFanApp.swift */ = {isa = PBXFileReference; lastKnownFileType = sourcecode.swift; path = mgpFanApp.swift; sourceTree = "<group>"; };
		AAFF565828F0118F00B59E8D /* ContentView.swift */ = {isa = PBXFileReference; lastKnownFileType = sourcecode.swift; path = ContentView.swift; sourceTree = "<group>"; };
		AAFF565A28F0119100B59E8D /* Assets.xcassets */ = {isa = PBXFileReference; lastKnownFileType = folder.assetcatalog; path = Assets.xcassets; sourceTree = "<group>"; };
		AAFF565D28F0119100B59E8D /* Preview Assets.xcassets */ = {isa = PBXFileReference; lastKnownFileType = folder.assetcatalog; path = "Preview Assets.xcassets"; sourceTree = "<group>"; };
		AAFF566328F0119200B59E8D /* mgpFanTests.xctest */ = {isa = PBXFileReference; explicitFileType = wrapper.cfbundle; includeInIndex = 0; path = mgpFanTests.xctest; sourceTree = BUILT_PRODUCTS_DIR; };
		AAFF566728F0119200B59E8D /* mgpFanTests.swift */ = {isa = PBXFileReference; lastKnownFileType = sourcecode.swift; path = mgpFanTests.swift; sourceTree = "<group>"; };
		AAFF566D28F0119200B59E8D /* mgpFanUITests.xctest */ = {isa = PBXFileReference; explicitFileType = wrapper.cfbundle; includeInIndex = 0; path = mgpFanUITests.xctest; sourceTree = BUILT_PRODUCTS_DIR; };
		AAFF567128F0119200B59E8D /* mgpFanUITests.swift */ = {isa = PBXFileReference; lastKnownFileType = sourcecode.swift; path = mgpFanUITests.swift; sourceTree = "<group>"; };
		AAFF567328F0119200B59E8D /* mgpFanUITestsLaunchTests.swift */ = {isa = PBXFileReference; lastKnownFileType = sourcecode.swift; path = mgpFanUITestsLaunchTests.swift; sourceTree = "<group>"; };
/* End PBXFileReference section */

/* Begin PBXFrameworksBuildPhase section */
		AAFF565028F0118F00B59E8D /* Frameworks */ = {
			isa = PBXFrameworksBuildPhase;
			buildActionMask = 2147483647;
			files = (
			);
			runOnlyForDeploymentPostprocessing = 0;
		};
		AAFF566028F0119200B59E8D /* Frameworks */ = {
			isa = PBXFrameworksBuildPhase;
			buildActionMask = 2147483647;
			files = (
			);
			runOnlyForDeploymentPostprocessing = 0;
		};
		AAFF566A28F0119200B59E8D /* Frameworks */ = {
			isa = PBXFrameworksBuildPhase;
			buildActionMask = 2147483647;
			files = (
			);
			runOnlyForDeploymentPostprocessing = 0;
		};
/* End PBXFrameworksBuildPhase section */

/* Begin PBXGroup section */
		AAFF564A28F0118F00B59E8D = {
			isa = PBXGroup;
			children = (
				AAFF565528F0118F00B59E8D /* mgpFan */,
				AAFF566628F0119200B59E8D /* mgpFanTests */,
				AAFF567028F0119200B59E8D /* mgpFanUITests */,
				AAFF565428F0118F00B59E8D /* Products */,
			);
			sourceTree = "<group>";
		};
		AAFF565428F0118F00B59E8D /* Products */ = {
			isa = PBXGroup;
			children = (
				AAFF565328F0118F00B59E8D /* mgpFan.app */,
				AAFF566328F0119200B59E8D /* mgpFanTests.xctest */,
				AAFF566D28F0119200B59E8D /* mgpFanUITests.xctest */,
			);
			name = Products;
			sourceTree = "<group>";
		};
		AAFF565528F0118F00B59E8D /* mgpFan */ = {
			isa = PBXGroup;
			children = (
				AAFF565628F0118F00B59E8D /* mgpFanApp.swift */,
				AAFF565828F0118F00B59E8D /* ContentView.swift */,
				AAFF565A28F0119100B59E8D /* Assets.xcassets */,
				AAFF565C28F0119100B59E8D /* Preview Content */,
			);
			path = mgpFan;
			sourceTree = "<group>";
		};
		AAFF565C28F0119100B59E8D /* Preview Content */ = {
			isa = PBXGroup;
			children = (
				AAFF565D28F0119100B59E8D /* Preview Assets.xcassets */,
			);
			path = "Preview Content";
			sourceTree = "<group>";
		};
		AAFF566628F0119200B59E8D /* mgpFanTests */ = {
			isa = PBXGroup;
			children = (
				AAFF566728F0119200B59E8D /* mgpFanTests.swift */,
			);
			path = mgpFanTests;
			sourceTree = "<group>";
		};
		AAFF567028F0119200B59E8D /* mgpFanUITests */ = {
			isa = PBXGroup;
			children = (
				AAFF567128F0119200B59E8D /* mgpFanUITests.swift */,
				AAFF567328F0119200B59E8D /* mgpFanUITestsLaunchTests.swift */,
			);
			path = mgpFanUITests;
			sourceTree = "<group>";
		};
/* End PBXGroup section */

/* Begin PBXNativeTarget section */
		AAFF565228F0118F00B59E8D /* mgpFan */ = {
			isa = PBXNativeTarget;
			buildConfigurationList = AAFF567728F0119200B59E8D /* Build configuration list for PBXNativeTarget "mgpFan" */;
			buildPhases = (
				AAFF564F28F0118F00B59E8D /* Sources */,
				AAFF565028F0118F00B59E8D /* Frameworks */,
				AAFF565128F0118F00B59E8D /* Resources */,
			);
			buildRules = (
			);
			dependencies = (
			);
			name = mgpFan;
			productName = mgpFan;
			productReference = AAFF565328F0118F00B59E8D /* mgpFan.app */;
			productType = "com.apple.product-type.application";
		};
		AAFF566228F0119200B59E8D /* mgpFanTests */ = {
			isa = PBXNativeTarget;
			buildConfigurationList = AAFF567A28F0119200B59E8D /* Build configuration list for PBXNativeTarget "mgpFanTests" */;
			buildPhases = (
				AAFF565F28F0119200B59E8D /* Sources */,
				AAFF566028F0119200B59E8D /* Frameworks */,
				AAFF566128F0119200B59E8D /* Resources */,
			);
			buildRules = (
			);
			dependencies = (
				AAFF566528F0119200B59E8D /* PBXTargetDependency */,
			);
			name = mgpFanTests;
			productName = mgpFanTests;
			productReference = AAFF566328F0119200B59E8D /* mgpFanTests.xctest */;
			productType = "com.apple.product-type.bundle.unit-test";
		};
		AAFF566C28F0119200B59E8D /* mgpFanUITests */ = {
			isa = PBXNativeTarget;
			buildConfigurationList = AAFF567D28F0119200B59E8D /* Build configuration list for PBXNativeTarget "mgpFanUITests" */;
			buildPhases = (
				AAFF566928F0119200B59E8D /* Sources */,
				AAFF566A28F0119200B59E8D /* Frameworks */,
				AAFF566B28F0119200B59E8D /* Resources */,
			);
			buildRules = (
			);
			dependencies = (
				AAFF566F28F0119200B59E8D /* PBXTargetDependency */,
			);
			name = mgpFanUITests;
			productName = mgpFanUITests;
			productReference = AAFF566D28F0119200B59E8D /* mgpFanUITests.xctest */;
			productType = "com.apple.product-type.bundle.ui-testing";
		};
/* End PBXNativeTarget section */

/* Begin PBXProject section */
		AAFF564B28F0118F00B59E8D /* Project object */ = {
			isa = PBXProject;
			attributes = {
				BuildIndependentTargetsInParallel = 1;
				LastSwiftUpdateCheck = 1400;
				LastUpgradeCheck = 1400;
				TargetAttributes = {
					AAFF565228F0118F00B59E8D = {
						CreatedOnToolsVersion = 14.0.1;
					};
					AAFF566228F0119200B59E8D = {
						CreatedOnToolsVersion = 14.0.1;
						TestTargetID = AAFF565228F0118F00B59E8D;
					};
					AAFF566C28F0119200B59E8D = {
						CreatedOnToolsVersion = 14.0.1;
						TestTargetID = AAFF565228F0118F00B59E8D;
					};
				};
			};
			buildConfigurationList = AAFF564E28F0118F00B59E8D /* Build configuration list for PBXProject "mgpFan" */;
			compatibilityVersion = "Xcode 14.0";
			developmentRegion = en;
			hasScannedForEncodings = 0;
			knownRegions = (
				en,
				Base,
			);
			mainGroup = AAFF564A28F0118F00B59E8D;
			productRefGroup = AAFF565428F0118F00B59E8D /* Products */;
			projectDirPath = "";
			projectRoot = "";
			targets = (
				AAFF565228F0118F00B59E8D /* mgpFan */,
				AAFF566228F0119200B59E8D /* mgpFanTests */,
				AAFF566C28F0119200B59E8D /* mgpFanUITests */,
			);
		};
/* End PBXProject section */

/* Begin PBXResourcesBuildPhase section */
		AAFF565128F0118F00B59E8D /* Resources */ = {
			isa = PBXResourcesBuildPhase;
			buildActionMask = 2147483647;
			files = (
				AAFF565E28F0119100B59E8D /* Preview Assets.xcassets in Resources */,
				AAFF565B28F0119100B59E8D /* Assets.xcassets in Resources */,
			);
			runOnlyForDeploymentPostprocessing = 0;
		};
		AAFF566128F0119200B59E8D /* Resources */ = {
			isa = PBXResourcesBuildPhase;
			buildActionMask = 2147483647;
			files = (
			);
			runOnlyForDeploymentPostprocessing = 0;
		};
		AAFF566B28F0119200B59E8D /* Resources */ = {
			isa = PBXResourcesBuildPhase;
			buildActionMask = 2147483647;
			files = (
			);
			runOnlyForDeploymentPostprocessing = 0;
		};
/* End PBXResourcesBuildPhase section */

/* Begin PBXSourcesBuildPhase section */
		AAFF564F28F0118F00B59E8D /* Sources */ = {
			isa = PBXSourcesBuildPhase;
			buildActionMask = 2147483647;
			files = (
				AAFF565928F0118F00B59E8D /* ContentView.swift in Sources */,
				AAFF565728F0118F00B59E8D /* mgpFanApp.swift in Sources */,
			);
			runOnlyForDeploymentPostprocessing = 0;
		};
		AAFF565F28F0119200B59E8D /* Sources */ = {
			isa = PBXSourcesBuildPhase;
			buildActionMask = 2147483647;
			files = (
				AAFF566828F0119200B59E8D /* mgpFanTests.swift in Sources */,
			);
			runOnlyForDeploymentPostprocessing = 0;
		};
		AAFF566928F0119200B59E8D /* Sources */ = {
			isa = PBXSourcesBuildPhase;
			buildActionMask = 2147483647;
			files = (
				AAFF567228F0119200B59E8D /* mgpFanUITests.swift in Sources */,
				AAFF567428F0119200B59E8D /* mgpFanUITestsLaunchTests.swift in Sources */,
			);
			runOnlyForDeploymentPostprocessing = 0;
		};
/* End PBXSourcesBuildPhase section */

/* Begin PBXTargetDependency section */
		AAFF566528F0119200B59E8D /* PBXTargetDependency */ = {
			isa = PBXTargetDependency;
			target = AAFF565228F0118F00B59E8D /* mgpFan */;
			targetProxy = AAFF566428F0119200B59E8D /* PBXContainerItemProxy */;
		};
		AAFF566F28F0119200B59E8D /* PBXTargetDependency */ = {
			isa = PBXTargetDependency;
			target = AAFF565228F0118F00B59E8D /* mgpFan */;
			targetProxy = AAFF566E28F0119200B59E8D /* PBXContainerItemProxy */;
		};
/* End PBXTargetDependency section */

/* Begin XCBuildConfiguration section */
		AAFF567528F0119200B59E8D /* Debug */ = {
			isa = XCBuildConfiguration;
			buildSettings = {
				ALWAYS_SEARCH_USER_PATHS = NO;
				CLANG_ANALYZER_NONNULL = YES;
				CLANG_ANALYZER_NUMBER_OBJECT_CONVERSION = YES_AGGRESSIVE;
				CLANG_CXX_LANGUAGE_STANDARD = "gnu++20";
				CLANG_ENABLE_MODULES = YES;
				CLANG_ENABLE_OBJC_ARC = YES;
				CLANG_ENABLE_OBJC_WEAK = YES;
				CLANG_WARN_BLOCK_CAPTURE_AUTORELEASING = YES;
				CLANG_WARN_BOOL_CONVERSION = YES;
				CLANG_WARN_COMMA = YES;
				CLANG_WARN_CONSTANT_CONVERSION = YES;
				CLANG_WARN_DEPRECATED_OBJC_IMPLEMENTATIONS = YES;
				CLANG_WARN_DIRECT_OBJC_ISA_USAGE = YES_ERROR;
				CLANG_WARN_DOCUMENTATION_COMMENTS = YES;
				CLANG_WARN_EMPTY_BODY = YES;
				CLANG_WARN_ENUM_CONVERSION = YES;
				CLANG_WARN_INFINITE_RECURSION = YES;
				CLANG_WARN_INT_CONVERSION = YES;
				CLANG_WARN_NON_LITERAL_NULL_CONVERSION = YES;
				CLANG_WARN_OBJC_IMPLICIT_RETAIN_SELF = YES;
				CLANG_WARN_OBJC_LITERAL_CONVERSION = YES;
				CLANG_WARN_OBJC_ROOT_CLASS = YES_ERROR;
				CLANG_WARN_QUOTED_INCLUDE_IN_FRAMEWORK_HEADER = YES;
				CLANG_WARN_RANGE_LOOP_ANALYSIS = YES;
				CLANG_WARN_STRICT_PROTOTYPES = YES;
				CLANG_WARN_SUSPICIOUS_MOVE = YES;
				CLANG_WARN_UNGUARDED_AVAILABILITY = YES_AGGRESSIVE;
				CLANG_WARN_UNREACHABLE_CODE = YES;
				CLANG_WARN__DUPLICATE_METHOD_MATCH = YES;
				COPY_PHASE_STRIP = NO;
				DEBUG_INFORMATION_FORMAT = dwarf;
				ENABLE_STRICT_OBJC_MSGSEND = YES;
				ENABLE_TESTABILITY = YES;
				GCC_C_LANGUAGE_STANDARD = gnu11;
				GCC_DYNAMIC_NO_PIC = NO;
				GCC_NO_COMMON_BLOCKS = YES;
				GCC_OPTIMIZATION_LEVEL = 0;
				GCC_PREPROCESSOR_DEFINITIONS = (
					"DEBUG=1",
					"$(inherited)",
				);
				GCC_WARN_64_TO_32_BIT_CONVERSION = YES;
				GCC_WARN_ABOUT_RETURN_TYPE = YES_ERROR;
				GCC_WARN_UNDECLARED_SELECTOR = YES;
				GCC_WARN_UNINITIALIZED_AUTOS = YES_AGGRESSIVE;
				GCC_WARN_UNUSED_FUNCTION = YES;
				GCC_WARN_UNUSED_VARIABLE = YES;
				IPHONEOS_DEPLOYMENT_TARGET = 16.0;
				MTL_ENABLE_DEBUG_INFO = INCLUDE_SOURCE;
				MTL_FAST_MATH = YES;
				ONLY_ACTIVE_ARCH = YES;
				SDKROOT = iphoneos;
				SWIFT_ACTIVE_COMPILATION_CONDITIONS = DEBUG;
				SWIFT_OPTIMIZATION_LEVEL = "-Onone";
			};
			name = Debug;
		};
		AAFF567628F0119200B59E8D /* Release */ = {
			isa = XCBuildConfiguration;
			buildSettings = {
				ALWAYS_SEARCH_USER_PATHS = NO;
				CLANG_ANALYZER_NONNULL = YES;
				CLANG_ANALYZER_NUMBER_OBJECT_CONVERSION = YES_AGGRESSIVE;
				CLANG_CXX_LANGUAGE_STANDARD = "gnu++20";
				CLANG_ENABLE_MODULES = YES;
				CLANG_ENABLE_OBJC_ARC = YES;
				CLANG_ENABLE_OBJC_WEAK = YES;
				CLANG_WARN_BLOCK_CAPTURE_AUTORELEASING = YES;
				CLANG_WARN_BOOL_CONVERSION = YES;
				CLANG_WARN_COMMA = YES;
				CLANG_WARN_CONSTANT_CONVERSION = YES;
				CLANG_WARN_DEPRECATED_OBJC_IMPLEMENTATIONS = YES;
				CLANG_WARN_DIRECT_OBJC_ISA_USAGE = YES_ERROR;
				CLANG_WARN_DOCUMENTATION_COMMENTS = YES;
				CLANG_WARN_EMPTY_BODY = YES;
				CLANG_WARN_ENUM_CONVERSION = YES;
				CLANG_WARN_INFINITE_RECURSION = YES;
				CLANG_WARN_INT_CONVERSION = YES;
				CLANG_WARN_NON_LITERAL_NULL_CONVERSION = YES;
				CLANG_WARN_OBJC_IMPLICIT_RETAIN_SELF = YES;
				CLANG_WARN_OBJC_LITERAL_CONVERSION = YES;
				CLANG_WARN_OBJC_ROOT_CLASS = YES_ERROR;
				CLANG_WARN_QUOTED_INCLUDE_IN_FRAMEWORK_HEADER = YES;
				CLANG_WARN_RANGE_LOOP_ANALYSIS = YES;
				CLANG_WARN_STRICT_PROTOTYPES = YES;
				CLANG_WARN_SUSPICIOUS_MOVE = YES;
				CLANG_WARN_UNGUARDED_AVAILABILITY = YES_AGGRESSIVE;
				CLANG_WARN_UNREACHABLE_CODE = YES;
				CLANG_WARN__DUPLICATE_METHOD_MATCH = YES;
				COPY_PHASE_STRIP = NO;
				DEBUG_INFORMATION_FORMAT = "dwarf-with-dsym";
				ENABLE_NS_ASSERTIONS = NO;
				ENABLE_STRICT_OBJC_MSGSEND = YES;
				GCC_C_LANGUAGE_STANDARD = gnu11;
				GCC_NO_COMMON_BLOCKS = YES;
				GCC_WARN_64_TO_32_BIT_CONVERSION = YES;
				GCC_WARN_ABOUT_RETURN_TYPE = YES_ERROR;
				GCC_WARN_UNDECLARED_SELECTOR = YES;
				GCC_WARN_UNINITIALIZED_AUTOS = YES_AGGRESSIVE;
				GCC_WARN_UNUSED_FUNCTION = YES;
				GCC_WARN_UNUSED_VARIABLE = YES;
				IPHONEOS_DEPLOYMENT_TARGET = 16.0;
				MTL_ENABLE_DEBUG_INFO = NO;
				MTL_FAST_MATH = YES;
				SDKROOT = iphoneos;
				SWIFT_COMPILATION_MODE = wholemodule;
				SWIFT_OPTIMIZATION_LEVEL = "-O";
				VALIDATE_PRODUCT = YES;
			};
			name = Release;
		};
		AAFF567828F0119200B59E8D /* Debug */ = {
			isa = XCBuildConfiguration;
			buildSettings = {
				ASSETCATALOG_COMPILER_APPICON_NAME = AppIcon;
				ASSETCATALOG_COMPILER_GLOBAL_ACCENT_COLOR_NAME = AccentColor;
				CODE_SIGN_STYLE = Automatic;
				CURRENT_PROJECT_VERSION = 1;
				DEVELOPMENT_ASSET_PATHS = "\"mgpFan/Preview Content\"";
				DEVELOPMENT_TEAM = QS9CBB5Y5P;
				ENABLE_PREVIEWS = YES;
				GENERATE_INFOPLIST_FILE = YES;
				INFOPLIST_KEY_UIApplicationSceneManifest_Generation = YES;
				INFOPLIST_KEY_UIApplicationSupportsIndirectInputEvents = YES;
				INFOPLIST_KEY_UILaunchScreen_Generation = YES;
				INFOPLIST_KEY_UISupportedInterfaceOrientations_iPad = "UIInterfaceOrientationPortrait UIInterfaceOrientationPortraitUpsideDown UIInterfaceOrientationLandscapeLeft UIInterfaceOrientationLandscapeRight";
				INFOPLIST_KEY_UISupportedInterfaceOrientations_iPhone = "UIInterfaceOrientationPortrait UIInterfaceOrientationLandscapeLeft UIInterfaceOrientationLandscapeRight";
				LD_RUNPATH_SEARCH_PATHS = (
					"$(inherited)",
					"@executable_path/Frameworks",
				);
				MARKETING_VERSION = 1.0;
				PRODUCT_BUNDLE_IDENTIFIER = com.jfi.mgpFan.mgpFan;
				PRODUCT_NAME = "$(TARGET_NAME)";
				SWIFT_EMIT_LOC_STRINGS = YES;
				SWIFT_VERSION = 5.0;
				TARGETED_DEVICE_FAMILY = "1,2";
			};
			name = Debug;
		};
		AAFF567928F0119200B59E8D /* Release */ = {
			isa = XCBuildConfiguration;
			buildSettings = {
				ASSETCATALOG_COMPILER_APPICON_NAME = AppIcon;
				ASSETCATALOG_COMPILER_GLOBAL_ACCENT_COLOR_NAME = AccentColor;
				CODE_SIGN_STYLE = Automatic;
				CURRENT_PROJECT_VERSION = 1;
				DEVELOPMENT_ASSET_PATHS = "\"mgpFan/Preview Content\"";
				DEVELOPMENT_TEAM = QS9CBB5Y5P;
				ENABLE_PREVIEWS = YES;
				GENERATE_INFOPLIST_FILE = YES;
				INFOPLIST_KEY_UIApplicationSceneManifest_Generation = YES;
				INFOPLIST_KEY_UIApplicationSupportsIndirectInputEvents = YES;
				INFOPLIST_KEY_UILaunchScreen_Generation = YES;
				INFOPLIST_KEY_UISupportedInterfaceOrientations_iPad = "UIInterfaceOrientationPortrait UIInterfaceOrientationPortraitUpsideDown UIInterfaceOrientationLandscapeLeft UIInterfaceOrientationLandscapeRight";
				INFOPLIST_KEY_UISupportedInterfaceOrientations_iPhone = "UIInterfaceOrientationPortrait UIInterfaceOrientationLandscapeLeft UIInterfaceOrientationLandscapeRight";
				LD_RUNPATH_SEARCH_PATHS = (
					"$(inherited)",
					"@executable_path/Frameworks",
				);
				MARKETING_VERSION = 1.0;
				PRODUCT_BUNDLE_IDENTIFIER = com.jfi.mgpFan.mgpFan;
				PRODUCT_NAME = "$(TARGET_NAME)";
				SWIFT_EMIT_LOC_STRINGS = YES;
				SWIFT_VERSION = 5.0;
				TARGETED_DEVICE_FAMILY = "1,2";
			};
			name = Release;
		};
		AAFF567B28F0119200B59E8D /* Debug */ = {
			isa = XCBuildConfiguration;
			buildSettings = {
				ALWAYS_EMBED_SWIFT_STANDARD_LIBRARIES = YES;
				BUNDLE_LOADER = "$(TEST_HOST)";
				CODE_SIGN_STYLE = Automatic;
				CURRENT_PROJECT_VERSION = 1;
				DEVELOPMENT_TEAM = QS9CBB5Y5P;
				GENERATE_INFOPLIST_FILE = YES;
				IPHONEOS_DEPLOYMENT_TARGET = 16.0;
				MARKETING_VERSION = 1.0;
				PRODUCT_BUNDLE_IDENTIFIER = com.jfi.mgpFan.mgpFanTests;
				PRODUCT_NAME = "$(TARGET_NAME)";
				SWIFT_EMIT_LOC_STRINGS = NO;
				SWIFT_VERSION = 5.0;
				TARGETED_DEVICE_FAMILY = "1,2";
				TEST_HOST = "$(BUILT_PRODUCTS_DIR)/mgpFan.app/$(BUNDLE_EXECUTABLE_FOLDER_PATH)/mgpFan";
			};
			name = Debug;
		};
		AAFF567C28F0119200B59E8D /* Release */ = {
			isa = XCBuildConfiguration;
			buildSettings = {
				ALWAYS_EMBED_SWIFT_STANDARD_LIBRARIES = YES;
				BUNDLE_LOADER = "$(TEST_HOST)";
				CODE_SIGN_STYLE = Automatic;
				CURRENT_PROJECT_VERSION = 1;
				DEVELOPMENT_TEAM = QS9CBB5Y5P;
				GENERATE_INFOPLIST_FILE = YES;
				IPHONEOS_DEPLOYMENT_TARGET = 16.0;
				MARKETING_VERSION = 1.0;
				PRODUCT_BUNDLE_IDENTIFIER = com.jfi.mgpFan.mgpFanTests;
				PRODUCT_NAME = "$(TARGET_NAME)";
				SWIFT_EMIT_LOC_STRINGS = NO;
				SWIFT_VERSION = 5.0;
				TARGETED_DEVICE_FAMILY = "1,2";
				TEST_HOST = "$(BUILT_PRODUCTS_DIR)/mgpFan.app/$(BUNDLE_EXECUTABLE_FOLDER_PATH)/mgpFan";
			};
			name = Release;
		};
		AAFF567E28F0119200B59E8D /* Debug */ = {
			isa = XCBuildConfiguration;
			buildSettings = {
				ALWAYS_EMBED_SWIFT_STANDARD_LIBRARIES = YES;
				CODE_SIGN_STYLE = Automatic;
				CURRENT_PROJECT_VERSION = 1;
				DEVELOPMENT_TEAM = QS9CBB5Y5P;
				GENERATE_INFOPLIST_FILE = YES;
				MARKETING_VERSION = 1.0;
				PRODUCT_BUNDLE_IDENTIFIER = com.jfi.mgpFan.mgpFanUITests;
				PRODUCT_NAME = "$(TARGET_NAME)";
				SWIFT_EMIT_LOC_STRINGS = NO;
				SWIFT_VERSION = 5.0;
				TARGETED_DEVICE_FAMILY = "1,2";
				TEST_TARGET_NAME = mgpFan;
			};
			name = Debug;
		};
		AAFF567F28F0119200B59E8D /* Release */ = {
			isa = XCBuildConfiguration;
			buildSettings = {
				ALWAYS_EMBED_SWIFT_STANDARD_LIBRARIES = YES;
				CODE_SIGN_STYLE = Automatic;
				CURRENT_PROJECT_VERSION = 1;
				DEVELOPMENT_TEAM = QS9CBB5Y5P;
				GENERATE_INFOPLIST_FILE = YES;
				MARKETING_VERSION = 1.0;
				PRODUCT_BUNDLE_IDENTIFIER = com.jfi.mgpFan.mgpFanUITests;
				PRODUCT_NAME = "$(TARGET_NAME)";
				SWIFT_EMIT_LOC_STRINGS = NO;
				SWIFT_VERSION = 5.0;
				TARGETED_DEVICE_FAMILY = "1,2";
				TEST_TARGET_NAME = mgpFan;
			};
			name = Release;
		};
/* End XCBuildConfiguration section */

/* Begin XCConfigurationList section */
		AAFF564E28F0118F00B59E8D /* Build configuration list for PBXProject "mgpFan" */ = {
			isa = XCConfigurationList;
			buildConfigurations = (
				AAFF567528F0119200B59E8D /* Debug */,
				AAFF567628F0119200B59E8D /* Release */,
			);
			defaultConfigurationIsVisible = 0;
			defaultConfigurationName = Release;
		};
		AAFF567728F0119200B59E8D /* Build configuration list for PBXNativeTarget "mgpFan" */ = {
			isa = XCConfigurationList;
			buildConfigurations = (
				AAFF567828F0119200B59E8D /* Debug */,
				AAFF567928F0119200B59E8D /* Release */,
			);
			defaultConfigurationIsVisible = 0;
			defaultConfigurationName = Release;
		};
		AAFF567A28F0119200B59E8D /* Build configuration list for PBXNativeTarget "mgpFanTests" */ = {
			isa = XCConfigurationList;
			buildConfigurations = (
				AAFF567B28F0119200B59E8D /* Debug */,
				AAFF567C28F0119200B59E8D /* Release */,
			);
			defaultConfigurationIsVisible = 0;
			defaultConfigurationName = Release;
		};
		AAFF567D28F0119200B59E8D /* Build configuration list for PBXNativeTarget "mgpFanUITests" */ = {
			isa = XCConfigurationList;
			buildConfigurations = (
				AAFF567E28F0119200B59E8D /* Debug */,
				AAFF567F28F0119200B59E8D /* Release */,
			);
			defaultConfigurationIsVisible = 0;
			defaultConfigurationName = Release;
		};
/* End XCConfigurationList section */
	};
	rootObject = AAFF564B28F0118F00B59E8D /* Project object */;
}
